
Microsoft Visual Studio Solution File, Format Version 12.00
# Visual Studio Version 17
VisualStudioVersion = 17.7.34024.191
MinimumVisualStudioVersion = 10.0.40219.1
Project("{FAE04EC0-301F-11D3-BF4B-00C04F79EFBC}") = "StarArmory", "StarArmory.csproj", "{7B61F16B-F977-4C06-A6A1-060007DA2760}"
EndProject
Global
	GlobalSection(SolutionConfigurationPlatforms) = preSolution
		Debug|Any CPU = Debug|Any CPU
		Release|Any CPU = Release|Any CPU
	EndGlobalSection
	GlobalSection(ProjectConfigurationPlatforms) = postSolution
		{7B61F16B-F977-4C06-A6A1-060007DA2760}.Debug|Any CPU.ActiveCfg = Debug|Any CPU
		{7B61F16B-F977-4C06-A6A1-060007DA2760}.Debug|Any CPU.Build.0 = Debug|Any CPU
		{7B61F16B-F977-4C06-A6A1-060007DA2760}.Release|Any CPU.ActiveCfg = Release|Any CPU
		{7B61F16B-F977-4C06-A6A1-060007DA2760}.Release|Any CPU.Build.0 = Release|Any CPU
	EndGlobalSection
	GlobalSection(SolutionProperties) = preSolution
		HideSolutionNode = FALSE
	EndGlobalSection
	GlobalSection(ExtensibilityGlobals) = postSolution
		SolutionGuid = {5B1903F5-10B6-4262-9FFB-70EC2F6175D0}
	EndGlobalSection
EndGlobal
